# THIS IS AN AUTOGENERATED FILE. DO NOT EDIT THIS FILE DIRECTLY.
# yarn lockfile v1


"@scroll-tech/contracts@^0.1.0":
  version "0.1.0"
  resolved "https://registry.yarnpkg.com/@scroll-tech/contracts/-/contracts-0.1.0.tgz#ccea8db1b3df7d740e4b7843ac01b5bd25b4438b"
  integrity sha512-aBbDOc3WB/WveZdpJYcrfvMYMz7ZTEiW8M9XMJLba8p9FAR5KGYB/cV+8+EUsq3MKt7C1BfR+WnXoTVdvwIY6w==
